<Solution>
    <Folder Name="/Solution/">
        <File Path=".github\ISSUE_TEMPLATE\bug_report.yml" />
        <File Path=".github\ISSUE_TEMPLATE\config.yml" />
        <File Path=".github\ISSUE_TEMPLATE\feature_request.yml" />
        <File Path=".github\workflows\build.yml" />
        <File Path=".github\workflows\deploy-blazor-sample.yml" />
        <File Path=".github\workflows\sync-skills.yml" />
        <File Path="Build.slnf" />
        <File Path="Directory.Build.props" />
        <File Path="Directory.Packages.props" />
        <File Path="nuget.png" />
        <File Path="README.md" />
        <File Path="SKILLS\shiny-controls\SKILL.md" />
        <File Path="version.json" />
    </Folder>
    <Folder Name="/Tests/">
        <Project Path="samples/Sample.Blazor/Sample.Blazor.csproj" />
        <Project Path="samples/Sample/Sample.csproj" />
        <Project Path="samples/Sample.MacOS/Sample.MacOS.csproj" />
        <Project Path="samples/Sample.Linux/Sample.Linux.csproj" />
        <Project Path="tests/Sample.UITests/Sample.UITests.csproj" />
    </Folder>
    <Project Path="src/Shiny.Maui.Controls.SpeechAddins/Shiny.Maui.Controls.SpeechAddins.csproj" />
    <Project Path="src/Shiny.Controls.MotionIcons.Shared/Shiny.Controls.MotionIcons.Shared.csproj" />
    <Project Path="src/Shiny.Controls.Gantt.Shared/Shiny.Controls.Gantt.Shared.csproj" />
    <Project Path="src/Shiny.Maui.Controls/Shiny.Maui.Controls.csproj" />
    <Project Path="src/Shiny.Maui.Controls.Themes.Ocean/Shiny.Maui.Controls.Themes.Ocean.csproj" />
    <Project Path="src/Shiny.Maui.Controls.Themes.Material/Shiny.Maui.Controls.Themes.Material.csproj" />
    <Project Path="src/Shiny.Maui.Controls.Themes.Terminal/Shiny.Maui.Controls.Themes.Terminal.csproj" />
    <Project Path="src/Shiny.Maui.Controls.Themes.Aurora/Shiny.Maui.Controls.Themes.Aurora.csproj" />
    <Project Path="src/Shiny.Maui.Controls.Desktop/Shiny.Maui.Controls.Desktop.csproj" />
    <Project Path="src/Shiny.Maui.Controls.Markdown/Shiny.Maui.Controls.Markdown.csproj" />
    <Project Path="src/Shiny.Maui.Controls.MermaidDiagrams/Shiny.Maui.Controls.MermaidDiagrams.csproj" />
    <Project Path="src/Shiny.Maui.Controls.Barcodes/Shiny.Maui.Controls.Barcodes.csproj" />
    <Project Path="src/Shiny.Controls.Keyframe.Shared/Shiny.Controls.Keyframe.Shared.csproj" />
    <Project Path="src/Shiny.Maui.Controls.Keyframe/Shiny.Maui.Controls.Keyframe.csproj" />
    <Project Path="src/Shiny.Maui.Controls.Keyframe.Export/Shiny.Maui.Controls.Keyframe.Export.csproj" />
    <Project Path="src/Shiny.Controls.Camera.Shared/Shiny.Controls.Camera.Shared.csproj" />
    <Project Path="src/Shiny.Maui.Controls.Camera/Shiny.Maui.Controls.Camera.csproj" />
    <Project Path="src/Shiny.Maui.Controls.Camera.Motion/Shiny.Maui.Controls.Camera.Motion.csproj" />
    <Project Path="src/Shiny.Maui.Controls.Camera.Barcode/Shiny.Maui.Controls.Camera.Barcode.csproj" />
    <Project Path="src/Shiny.Maui.Controls.Camera.Face/Shiny.Maui.Controls.Camera.Face.csproj" />
    <Project Path="src/Shiny.Maui.Controls.Camera.Ocr/Shiny.Maui.Controls.Camera.Ocr.csproj" />
    <Project Path="src/Shiny.Maui.Controls.Camera.Documents/Shiny.Maui.Controls.Camera.Documents.csproj" />
    <Project Path="src/Shiny.Maui.Controls.Camera.Ai/Shiny.Maui.Controls.Camera.Ai.csproj" />
    <Project Path="src/Shiny.Controls.MediaElement.Shared/Shiny.Controls.MediaElement.Shared.csproj" />
    <Project Path="src/Shiny.Controls.Office.Shared/Shiny.Controls.Office.Shared.csproj" />
    <Project Path="src/Shiny.Controls.Office.Skia/Shiny.Controls.Office.Skia.csproj" />
    <Project Path="src/Shiny.Maui.Controls.Office/Shiny.Maui.Controls.Office.csproj" />
    <Project Path="src/Shiny.Maui.Controls.MediaElement/Shiny.Maui.Controls.MediaElement.csproj" />
    <Project Path="src/Shiny.Maui.Controls.MediaElement.Linux/Shiny.Maui.Controls.MediaElement.Linux.csproj" />
    <Project Path="src/Shiny.Blazor.Controls.SpeechAddins/Shiny.Blazor.Controls.SpeechAddins.csproj" />
    <Project Path="src/Shiny.Blazor.Controls/Shiny.Blazor.Controls.csproj" />
    <Project Path="src/Shiny.Blazor.Controls.Markdown/Shiny.Blazor.Controls.Markdown.csproj" />
    <Project Path="src/Shiny.Blazor.Controls.MermaidDiagrams/Shiny.Blazor.Controls.MermaidDiagrams.csproj" />
    <Project Path="src/Shiny.Blazor.Controls.Barcodes/Shiny.Blazor.Controls.Barcodes.csproj" />
    <Project Path="src/Shiny.Blazor.Controls.Camera/Shiny.Blazor.Controls.Camera.csproj" />
    <Project Path="src/Shiny.Blazor.Controls.Camera.Ai/Shiny.Blazor.Controls.Camera.Ai.csproj" />
    <Project Path="src/Shiny.Blazor.Controls.MediaElement/Shiny.Blazor.Controls.MediaElement.csproj" />
    <Project Path="src/Shiny.Blazor.Controls.Office/Shiny.Blazor.Controls.Office.csproj" />
    <Project Path="src/Shiny.Blazor.Controls.Themes.Ocean/Shiny.Blazor.Controls.Themes.Ocean.csproj" />
    <Project Path="src/Shiny.Blazor.Controls.Themes.Material/Shiny.Blazor.Controls.Themes.Material.csproj" />
    <Project Path="src/Shiny.Blazor.Controls.Themes.Terminal/Shiny.Blazor.Controls.Themes.Terminal.csproj" />
    <Project Path="src/Shiny.Blazor.Controls.Themes.Aurora/Shiny.Blazor.Controls.Themes.Aurora.csproj" />
    <Project Path="tools/ShinyThemeGen/ShinyThemeGen.csproj" />
    <Project Path="tests/Shiny.Maui.Controls.MermaidDiagrams.Tests/Shiny.Maui.Controls.MermaidDiagrams.Tests.csproj" />
    <Project Path="tests/Shiny.Maui.Controls.Camera.Tests/Shiny.Maui.Controls.Camera.Tests.csproj" />
    <Project Path="tests/Shiny.Maui.Controls.Tests/Shiny.Maui.Controls.Tests.csproj" />
    <Project Path="tests/Shiny.Maui.Controls.Desktop.Tests/Shiny.Maui.Controls.Desktop.Tests.csproj" />
    <Project Path="tests/Shiny.Controls.Keyframe.Tests/Shiny.Controls.Keyframe.Tests.csproj" />
    <Project Path="tests/Shiny.Controls.MotionIcons.Tests/Shiny.Controls.MotionIcons.Tests.csproj" />
    <Project Path="tests/Shiny.Controls.Gantt.Tests/Shiny.Controls.Gantt.Tests.csproj" />
    <Project Path="tests/Shiny.Maui.Controls.Keyframe.Export.Tests/Shiny.Maui.Controls.Keyframe.Export.Tests.csproj" />
    <Project Path="tests/Shiny.Blazor.Controls.Tests/Shiny.Blazor.Controls.Tests.csproj" />
    <Project Path="tests/Shiny.Blazor.Controls.Camera.Tests/Shiny.Blazor.Controls.Camera.Tests.csproj" />
    <Project Path="tests/Shiny.Controls.Office.Tests/Shiny.Controls.Office.Tests.csproj" />
    <Project Path="tests/Shiny.Maui.Controls.MediaElement.Tests/Shiny.Maui.Controls.MediaElement.Tests.csproj" />
</Solution>
